# THIS IS AN AUTOGENERATED FILE. DO NOT EDIT THIS FILE DIRECTLY.
# yarn lockfile v1


"bluebird@>= 2.3.2 < 3":
  version "2.11.0"
  resolved "https://registry.yarnpkg.com/bluebird/-/bluebird-2.11.0.tgz#534b9033c022c9579c56ba3b3e5a5caafbb650e1"
  integrity sha1-U0uQM8AiyVecVro7Plpcqvu2UOE=

"bluebird@>= 3.0.1":
  version "3.7.2"
  resolved "https://registry.yarnpkg.com/bluebird/-/bluebird-3.7.2.tgz#9f229c15be272454ffa973ace0dbee79a1b0c36f"
  integrity sha512-XpNj6GDQzdfW+r2Wnn7xiSAd7TM3jzkxGXBGTtWKuSXv1xUV+azxAm8jdWZN06QTQk+2N2XB9jRDkvbmQmcRtg==

es6-promise-series@^0.2.2:
  version "0.2.2"
  resolved "https://registry.yarnpkg.com/es6-promise-series/-/es6-promise-series-0.2.2.tgz#4f34c45eac072bf1da1a0600495af9651157f6c8"
  integrity sha1-TzTEXqwHK/HaGgYASVr5ZRFX9sg=

lodash@^4.17.20:
  version "4.17.20"
  resolved "https://registry.yarnpkg.com/lodash/-/lodash-4.17.20.tgz#b44a9b6297bcb698f1c51a3545a2b3b368d59c52"
  integrity sha512-PlhdFcillOINfeV7Ni6oF1TAEayyZBoZ8bcshTHqOYJYlrqzRK5hagpagky5o4HfCzzd1TRkXPMFq6cKk9rGmA==

rethinkdb@^2.4.2:
  version "2.4.2"
  resolved "https://registry.yarnpkg.com/rethinkdb/-/rethinkdb-2.4.2.tgz#9c5d8dde3300ddacfdfae0fc8ded3754602d447a"
  integrity sha512-6DzwqEpFc8cqesAdo07a845oBRxLiHvWzopTKBo/uY2ypGWIsJQFJk3wjRDtSEhczxJqLS0jnf37rwgzYAw8NQ==
  dependencies:
    bluebird ">= 2.3.2 < 3"

rethinkdbdash@^2.3.31:
  version "2.3.31"
  resolved "https://registry.yarnpkg.com/rethinkdbdash/-/rethinkdbdash-2.3.31.tgz#fe2f73d1fa6e6f5d96d8e881292013cf6dca914d"
  integrity sha512-6nXrKFjdg2Ug0YpdmPWSvyD/2EisHnFNt4FWZ74dcXGK48ievSv+cNFTmVv+KjLi6I9CCf6w4CKZ6yCYTfMfdQ==
  dependencies:
    bluebird ">= 3.0.1"
